
Microsoft Visual Studio Solution File, Format Version 12.00
# Visual Studio Version 16
VisualStudioVersion = 16.0.29306.81
MinimumVisualStudioVersion = 10.0.40219.1
Project("{FAE04EC0-301F-11D3-BF4B-00C04F79EFBC}") = "HomeWork_SlideShow", "HomeWork_SlideShow\HomeWork_SlideShow.csproj", "{16E816C0-6F56-4C39-88A9-0A92DADCB473}"
EndProject
Global
	GlobalSection(SolutionConfigurationPlatforms) = preSolution
		Debug|Any CPU = Debug|Any CPU
		Release|Any CPU = Release|Any CPU
	EndGlobalSection
	GlobalSection(ProjectConfigurationPlatforms) = postSolution
		{16E816C0-6F56-4C39-88A9-0A92DADCB473}.Debug|Any CPU.ActiveCfg = Debug|Any CPU
		{16E816C0-6F56-4C39-88A9-0A92DADCB473}.Debug|Any CPU.Build.0 = Debug|Any CPU
		{16E816C0-6F56-4C39-88A9-0A92DADCB473}.Release|Any CPU.ActiveCfg = Release|Any CPU
		{16E816C0-6F56-4C39-88A9-0A92DADCB473}.Release|Any CPU.Build.0 = Release|Any CPU
	EndGlobalSection
	GlobalSection(SolutionProperties) = preSolution
		HideSolutionNode = FALSE
	EndGlobalSection
	GlobalSection(ExtensibilityGlobals) = postSolution
		SolutionGuid = {3B5D1456-4C09-456A-8035-19B863A40102}
	EndGlobalSection
EndGlobal
